
Microsoft Visual Studio Solution File, Format Version 12.00
# Visual Studio Version 17
VisualStudioVersion = 17.0.31903.59
MinimumVisualStudioVersion = 10.0.40219.1
Project("{FAE04EC0-301F-11D3-BF4B-00C04F79EFBC}") = "AtkSystem.Web", "AtkSystem.Web\AtkSystem.Web.csproj", "{24ECDCF1-776A-4CD1-9E6B-833B5359B279}"
EndProject
Project("{FAE04EC0-301F-11D3-BF4B-00C04F79EFBC}") = "AtkSystem.Core", "AtkSystem.Core\AtkSystem.Core.csproj", "{1F874E47-12D8-43A4-A4AC-FA5AD788DB6A}"
EndProject
Project("{FAE04EC0-301F-11D3-BF4B-00C04F79EFBC}") = "AtkSystem.Infra", "AtkSystem.Infra\AtkSystem.Infra.csproj", "{B6D4F7A3-6116-4F30-8DAB-0979D99FD299}"
EndProject
Project("{FAE04EC0-301F-11D3-BF4B-00C04F79EFBC}") = "AtkSystem.Tests", "AtkSystem.Tests\AtkSystem.Tests.csproj", "{39C6D47A-E241-4D58-A7D9-CF811BF49C7C}"
EndProject
Global
	GlobalSection(SolutionConfigurationPlatforms) = preSolution
		Debug|Any CPU = Debug|Any CPU
		Debug|x64 = Debug|x64
		Debug|x86 = Debug|x86
		Release|Any CPU = Release|Any CPU
		Release|x64 = Release|x64
		Release|x86 = Release|x86
	EndGlobalSection
	GlobalSection(ProjectConfigurationPlatforms) = postSolution
		{24ECDCF1-776A-4CD1-9E6B-833B5359B279}.Debug|Any CPU.ActiveCfg = Debug|Any CPU
		{24ECDCF1-776A-4CD1-9E6B-833B5359B279}.Debug|Any CPU.Build.0 = Debug|Any CPU
		{24ECDCF1-776A-4CD1-9E6B-833B5359B279}.Debug|x64.ActiveCfg = Debug|Any CPU
		{24ECDCF1-776A-4CD1-9E6B-833B5359B279}.Debug|x64.Build.0 = Debug|Any CPU
		{24ECDCF1-776A-4CD1-9E6B-833B5359B279}.Debug|x86.ActiveCfg = Debug|Any CPU
		{24ECDCF1-776A-4CD1-9E6B-833B5359B279}.Debug|x86.Build.0 = Debug|Any CPU
		{24ECDCF1-776A-4CD1-9E6B-833B5359B279}.Release|Any CPU.ActiveCfg = Release|Any CPU
		{24ECDCF1-776A-4CD1-9E6B-833B5359B279}.Release|Any CPU.Build.0 = Release|Any CPU
		{24ECDCF1-776A-4CD1-9E6B-833B5359B279}.Release|x64.ActiveCfg = Release|Any CPU
		{24ECDCF1-776A-4CD1-9E6B-833B5359B279}.Release|x64.Build.0 = Release|Any CPU
		{24ECDCF1-776A-4CD1-9E6B-833B5359B279}.Release|x86.ActiveCfg = Release|Any CPU
		{24ECDCF1-776A-4CD1-9E6B-833B5359B279}.Release|x86.Build.0 = Release|Any CPU
		{1F874E47-12D8-43A4-A4AC-FA5AD788DB6A}.Debug|Any CPU.ActiveCfg = Debug|Any CPU
		{1F874E47-12D8-43A4-A4AC-FA5AD788DB6A}.Debug|Any CPU.Build.0 = Debug|Any CPU
		{1F874E47-12D8-43A4-A4AC-FA5AD788DB6A}.Debug|x64.ActiveCfg = Debug|Any CPU
		{1F874E47-12D8-43A4-A4AC-FA5AD788DB6A}.Debug|x64.Build.0 = Debug|Any CPU
		{1F874E47-12D8-43A4-A4AC-FA5AD788DB6A}.Debug|x86.ActiveCfg = Debug|Any CPU
		{1F874E47-12D8-43A4-A4AC-FA5AD788DB6A}.Debug|x86.Build.0 = Debug|Any CPU
		{1F874E47-12D8-43A4-A4AC-FA5AD788DB6A}.Release|Any CPU.ActiveCfg = Release|Any CPU
		{1F874E47-12D8-43A4-A4AC-FA5AD788DB6A}.Release|Any CPU.Build.0 = Release|Any CPU
		{1F874E47-12D8-43A4-A4AC-FA5AD788DB6A}.Release|x64.ActiveCfg = Release|Any CPU
		{1F874E47-12D8-43A4-A4AC-FA5AD788DB6A}.Release|x64.Build.0 = Release|Any CPU
		{1F874E47-12D8-43A4-A4AC-FA5AD788DB6A}.Release|x86.ActiveCfg = Release|Any CPU
		{1F874E47-12D8-43A4-A4AC-FA5AD788DB6A}.Release|x86.Build.0 = Release|Any CPU
		{B6D4F7A3-6116-4F30-8DAB-0979D99FD299}.Debug|Any CPU.ActiveCfg = Debug|Any CPU
		{B6D4F7A3-6116-4F30-8DAB-0979D99FD299}.Debug|Any CPU.Build.0 = Debug|Any CPU
		{B6D4F7A3-6116-4F30-8DAB-0979D99FD299}.Debug|x64.ActiveCfg = Debug|Any CPU
		{B6D4F7A3-6116-4F30-8DAB-0979D99FD299}.Debug|x64.Build.0 = Debug|Any CPU
		{B6D4F7A3-6116-4F30-8DAB-0979D99FD299}.Debug|x86.ActiveCfg = Debug|Any CPU
		{B6D4F7A3-6116-4F30-8DAB-0979D99FD299}.Debug|x86.Build.0 = Debug|Any CPU
		{B6D4F7A3-6116-4F30-8DAB-0979D99FD299}.Release|Any CPU.ActiveCfg = Release|Any CPU
		{B6D4F7A3-6116-4F30-8DAB-0979D99FD299}.Release|Any CPU.Build.0 = Release|Any CPU
		{B6D4F7A3-6116-4F30-8DAB-0979D99FD299}.Release|x64.ActiveCfg = Release|Any CPU
		{B6D4F7A3-6116-4F30-8DAB-0979D99FD299}.Release|x64.Build.0 = Release|Any CPU
		{B6D4F7A3-6116-4F30-8DAB-0979D99FD299}.Release|x86.ActiveCfg = Release|Any CPU
		{B6D4F7A3-6116-4F30-8DAB-0979D99FD299}.Release|x86.Build.0 = Release|Any CPU
		{39C6D47A-E241-4D58-A7D9-CF811BF49C7C}.Debug|Any CPU.ActiveCfg = Debug|Any CPU
		{39C6D47A-E241-4D58-A7D9-CF811BF49C7C}.Debug|Any CPU.Build.0 = Debug|Any CPU
		{39C6D47A-E241-4D58-A7D9-CF811BF49C7C}.Debug|x64.ActiveCfg = Debug|Any CPU
		{39C6D47A-E241-4D58-A7D9-CF811BF49C7C}.Debug|x64.Build.0 = Debug|Any CPU
		{39C6D47A-E241-4D58-A7D9-CF811BF49C7C}.Debug|x86.ActiveCfg = Debug|Any CPU
		{39C6D47A-E241-4D58-A7D9-CF811BF49C7C}.Debug|x86.Build.0 = Debug|Any CPU
		{39C6D47A-E241-4D58-A7D9-CF811BF49C7C}.Release|Any CPU.ActiveCfg = Release|Any CPU
		{39C6D47A-E241-4D58-A7D9-CF811BF49C7C}.Release|Any CPU.Build.0 = Release|Any CPU
		{39C6D47A-E241-4D58-A7D9-CF811BF49C7C}.Release|x64.ActiveCfg = Release|Any CPU
		{39C6D47A-E241-4D58-A7D9-CF811BF49C7C}.Release|x64.Build.0 = Release|Any CPU
		{39C6D47A-E241-4D58-A7D9-CF811BF49C7C}.Release|x86.ActiveCfg = Release|Any CPU
		{39C6D47A-E241-4D58-A7D9-CF811BF49C7C}.Release|x86.Build.0 = Release|Any CPU
	EndGlobalSection
	GlobalSection(SolutionProperties) = preSolution
		HideSolutionNode = FALSE
	EndGlobalSection
EndGlobal
